
Microsoft Visual Studio Solution File, Format Version 12.00
# Visual Studio Version 16
VisualStudioVersion = 16.0.31624.102
MinimumVisualStudioVersion = 10.0.40219.1
Project("{FAE04EC0-301F-11D3-BF4B-00C04F79EFBC}") = "ProyectoFinalKermesse", "ProyectoFinalKermesse\ProyectoFinalKermesse.csproj", "{B1BB1E93-1B26-4FB1-8E3C-14AFB0A6AF30}"
EndProject
Global
	GlobalSection(SolutionConfigurationPlatforms) = preSolution
		Debug|Any CPU = Debug|Any CPU
		Release|Any CPU = Release|Any CPU
	EndGlobalSection
	GlobalSection(ProjectConfigurationPlatforms) = postSolution
		{B1BB1E93-1B26-4FB1-8E3C-14AFB0A6AF30}.Debug|Any CPU.ActiveCfg = Debug|Any CPU
		{B1BB1E93-1B26-4FB1-8E3C-14AFB0A6AF30}.Debug|Any CPU.Build.0 = Debug|Any CPU
		{B1BB1E93-1B26-4FB1-8E3C-14AFB0A6AF30}.Release|Any CPU.ActiveCfg = Release|Any CPU
		{B1BB1E93-1B26-4FB1-8E3C-14AFB0A6AF30}.Release|Any CPU.Build.0 = Release|Any CPU
	EndGlobalSection
	GlobalSection(SolutionProperties) = preSolution
		HideSolutionNode = FALSE
	EndGlobalSection
	GlobalSection(ExtensibilityGlobals) = postSolution
		SolutionGuid = {797B876C-8B43-40A1-9B54-D7118562CEE4}
	EndGlobalSection
EndGlobal
